// !$*UTF8*$!
{
	archiveVersion = 1;
	classes = {
	};
	objectVersion = 48;
	objects = {

/* Begin PBXBuildFile section */
		12D6AD2770A3750BB94BEF43 /* Pods_RunningMates.framework in Frameworks */ = {isa = PBXBuildFile; fileRef = 5C61D7A543F953A4C9C2E807 /* Pods_RunningMates.framework */; };
		2B04C97A203B7332008F7E52 /* Gradient.swift in Sources */ = {isa = PBXBuildFile; fileRef = 2B04C979203B7332008F7E52 /* Gradient.swift */; };
		2B16CFE820477C2400DFFBEF /* CreateProfile.storyboard in Resources */ = {isa = PBXBuildFile; fileRef = 2B16CFE720477C2400DFFBEF /* CreateProfile.storyboard */; };
		2B16CFEA2048797600DFFBEF /* CreateAccount.storyboard in Resources */ = {isa = PBXBuildFile; fileRef = 2B16CFE92048797600DFFBEF /* CreateAccount.storyboard */; };
		2B16CFEC20487B9C00DFFBEF /* CreateAccountViewController.swift in Sources */ = {isa = PBXBuildFile; fileRef = 2B16CFEB20487B9C00DFFBEF /* CreateAccountViewController.swift */; };
		88C0AF9A20291C2B0008F5B5 /* Matching.xib in Resources */ = {isa = PBXBuildFile; fileRef = 88C0AF9920291C2B0008F5B5 /* Matching.xib */; };
		88C0AFD6202CE3B50008F5B5 /* MatchingViewController.swift in Sources */ = {isa = PBXBuildFile; fileRef = 88C0AFD5202CE3B50008F5B5 /* MatchingViewController.swift */; };
		88C0AFD8203247E00008F5B5 /* MatchingView.swift in Sources */ = {isa = PBXBuildFile; fileRef = 88C0AFD7203247E00008F5B5 /* MatchingView.swift */; };
		9041768D7C1A5BDF522B31C6 /* Pods_RunningMates.framework in Frameworks */ = {isa = PBXBuildFile; fileRef = 35D2388A3D0F5484A4ED0ABF /* Pods_RunningMates.framework */; };
		F8109CF6203D0C49009F5F49 /* logo_strava.png in Resources */ = {isa = PBXBuildFile; fileRef = 2B16CFD2203CE74200DFFBEF /* logo_strava.png */; };
		F8109CFD203D0C57009F5F49 /* sunrise image.jpeg in Resources */ = {isa = PBXBuildFile; fileRef = 2B16CFD0203CE70E00DFFBEF /* sunrise image.jpeg */; };
		F81510CC203638E400E9A2C5 /* ProfileViewController.swift in Sources */ = {isa = PBXBuildFile; fileRef = F81510CB203638E400E9A2C5 /* ProfileViewController.swift */; };
		F8BEE1F3203B0E2C00274660 /* User.swift in Sources */ = {isa = PBXBuildFile; fileRef = F8BEE1EC203B0E2C00274660 /* User.swift */; };
		FA050D56203761B00025DAEE /* Dashboard.storyboard in Resources */ = {isa = PBXBuildFile; fileRef = FA050D55203761B00025DAEE /* Dashboard.storyboard */; };
		FA076CBA20363A5A00FC848D /* FilterStoryboard.storyboard in Resources */ = {isa = PBXBuildFile; fileRef = FA076CB920363A5A00FC848D /* FilterStoryboard.storyboard */; };
		FA076CC420363EB200FC848D /* FilterViewController.swift in Sources */ = {isa = PBXBuildFile; fileRef = FA076CC320363EB200FC848D /* FilterViewController.swift */; };
		FA5711032021208D005792CB /* AppDelegate.swift in Sources */ = {isa = PBXBuildFile; fileRef = FA5711022021208D005792CB /* AppDelegate.swift */; };
		FA5711052021208D005792CB /* ViewController.swift in Sources */ = {isa = PBXBuildFile; fileRef = FA5711042021208D005792CB /* ViewController.swift */; };
		FA5711082021208D005792CB /* Main.storyboard in Resources */ = {isa = PBXBuildFile; fileRef = FA5711062021208D005792CB /* Main.storyboard */; };
		FA57110A2021208D005792CB /* Assets.xcassets in Resources */ = {isa = PBXBuildFile; fileRef = FA5711092021208D005792CB /* Assets.xcassets */; };
		FA57110D2021208E005792CB /* LaunchScreen.storyboard in Resources */ = {isa = PBXBuildFile; fileRef = FA57110B2021208E005792CB /* LaunchScreen.storyboard */; };
		FA5711182021208E005792CB /* RunningMatesTests.swift in Sources */ = {isa = PBXBuildFile; fileRef = FA5711172021208E005792CB /* RunningMatesTests.swift */; };
		FAD1AF422042514A00EA78CE /* Settings.storyboard in Resources */ = {isa = PBXBuildFile; fileRef = FAD1AF412042514A00EA78CE /* Settings.storyboard */; };
		FAD1AF442042539700EA78CE /* SettingsViewController.swift in Sources */ = {isa = PBXBuildFile; fileRef = FAD1AF432042539700EA78CE /* SettingsViewController.swift */; };
		FAD1AF462043218D00EA78CE /* chat.storyboard in Resources */ = {isa = PBXBuildFile; fileRef = FAD1AF452043218D00EA78CE /* chat.storyboard */; };
		FAD70D39203A38CE0081C71E /* Matching.storyboard in Resources */ = {isa = PBXBuildFile; fileRef = FAD70D38203A38CE0081C71E /* Matching.storyboard */; };
/* End PBXBuildFile section */

/* Begin PBXContainerItemProxy section */
		2B04C969203B6F45008F7E52 /* PBXContainerItemProxy */ = {
			isa = PBXContainerItemProxy;
			containerPortal = 2B6483B82037918400092C12 /* OAuthSwift.xcodeproj */;
			proxyType = 2;
			remoteGlobalIDString = F435027A1A6791B200038A29;
			remoteInfo = OAuthSwift;
		};
		2B04C96B203B6F45008F7E52 /* PBXContainerItemProxy */ = {
			isa = PBXContainerItemProxy;
			containerPortal = 2B6483B82037918400092C12 /* OAuthSwift.xcodeproj */;
			proxyType = 2;
			remoteGlobalIDString = C48B28021AFA598D00C7DEF6;
			remoteInfo = OAuthSwiftOSX;
		};
		2B04C96D203B6F45008F7E52 /* PBXContainerItemProxy */ = {
			isa = PBXContainerItemProxy;
			containerPortal = 2B6483B82037918400092C12 /* OAuthSwift.xcodeproj */;
			proxyType = 2;
			remoteGlobalIDString = C4B6EE1E1BF74CE300443596;
			remoteInfo = OAuthSwiftTVOS;
		};
		2B04C96F203B6F45008F7E52 /* PBXContainerItemProxy */ = {
			isa = PBXContainerItemProxy;
			containerPortal = 2B6483B82037918400092C12 /* OAuthSwift.xcodeproj */;
			proxyType = 2;
			remoteGlobalIDString = C40890C01C11B37000E3146A;
			remoteInfo = OAuthSwiftWatchOS;
		};
		2B04C971203B6F45008F7E52 /* PBXContainerItemProxy */ = {
			isa = PBXContainerItemProxy;
			containerPortal = 2B6483B82037918400092C12 /* OAuthSwift.xcodeproj */;
			proxyType = 2;
			remoteGlobalIDString = F451E3C5195B8CD80051434C;
			remoteInfo = OAuthSwiftDemo;
		};
		2B04C973203B6F45008F7E52 /* PBXContainerItemProxy */ = {
			isa = PBXContainerItemProxy;
			containerPortal = 2B6483B82037918400092C12 /* OAuthSwift.xcodeproj */;
			proxyType = 2;
			remoteGlobalIDString = C49FD5241AFB5DF500791E1A;
			remoteInfo = OAuthSwiftOSXDemo;
		};
		2B04C975203B6F45008F7E52 /* PBXContainerItemProxy */ = {
			isa = PBXContainerItemProxy;
			containerPortal = 2B6483B82037918400092C12 /* OAuthSwift.xcodeproj */;
			proxyType = 2;
			remoteGlobalIDString = C4D50DF71BFB693F0053B624;
			remoteInfo = OAuthSwiftTests;
		};
		F81510BB2036245900E9A2C5 /* PBXContainerItemProxy */ = {
			isa = PBXContainerItemProxy;
			containerPortal = F81510B12036245900E9A2C5 /* OAuthSwift.xcodeproj */;
			proxyType = 2;
			remoteGlobalIDString = F435027A1A6791B200038A29;
			remoteInfo = OAuthSwift;
		};
		F81510BD2036245900E9A2C5 /* PBXContainerItemProxy */ = {
			isa = PBXContainerItemProxy;
			containerPortal = F81510B12036245900E9A2C5 /* OAuthSwift.xcodeproj */;
			proxyType = 2;
			remoteGlobalIDString = C48B28021AFA598D00C7DEF6;
			remoteInfo = OAuthSwiftOSX;
		};
		F81510BF2036245900E9A2C5 /* PBXContainerItemProxy */ = {
			isa = PBXContainerItemProxy;
			containerPortal = F81510B12036245900E9A2C5 /* OAuthSwift.xcodeproj */;
			proxyType = 2;
			remoteGlobalIDString = C4B6EE1E1BF74CE300443596;
			remoteInfo = OAuthSwiftTVOS;
		};
		F81510C12036245900E9A2C5 /* PBXContainerItemProxy */ = {
			isa = PBXContainerItemProxy;
			containerPortal = F81510B12036245900E9A2C5 /* OAuthSwift.xcodeproj */;
			proxyType = 2;
			remoteGlobalIDString = C40890C01C11B37000E3146A;
			remoteInfo = OAuthSwiftWatchOS;
		};
		F81510C32036245900E9A2C5 /* PBXContainerItemProxy */ = {
			isa = PBXContainerItemProxy;
			containerPortal = F81510B12036245900E9A2C5 /* OAuthSwift.xcodeproj */;
			proxyType = 2;
			remoteGlobalIDString = F451E3C5195B8CD80051434C;
			remoteInfo = OAuthSwiftDemo;
		};
		F81510C52036245900E9A2C5 /* PBXContainerItemProxy */ = {
			isa = PBXContainerItemProxy;
			containerPortal = F81510B12036245900E9A2C5 /* OAuthSwift.xcodeproj */;
			proxyType = 2;
			remoteGlobalIDString = C49FD5241AFB5DF500791E1A;
			remoteInfo = OAuthSwiftOSXDemo;
		};
		F81510C72036245900E9A2C5 /* PBXContainerItemProxy */ = {
			isa = PBXContainerItemProxy;
			containerPortal = F81510B12036245900E9A2C5 /* OAuthSwift.xcodeproj */;
			proxyType = 2;
			remoteGlobalIDString = C4D50DF71BFB693F0053B624;
			remoteInfo = OAuthSwiftTests;
		};
		F81510C9203634EA00E9A2C5 /* PBXContainerItemProxy */ = {
			isa = PBXContainerItemProxy;
			containerPortal = F81510B12036245900E9A2C5 /* OAuthSwift.xcodeproj */;
			proxyType = 1;
			remoteGlobalIDString = F43502791A6791B200038A29;
			remoteInfo = OAuthSwift;
		};
		FA5711142021208E005792CB /* PBXContainerItemProxy */ = {
			isa = PBXContainerItemProxy;
			containerPortal = FA5710F72021208D005792CB /* Project object */;
			proxyType = 1;
			remoteGlobalIDString = FA5710FE2021208D005792CB;
			remoteInfo = RunningMates;
		};
/* End PBXContainerItemProxy section */

/* Begin PBXFileReference section */
		2B04C979203B7332008F7E52 /* Gradient.swift */ = {isa = PBXFileReference; lastKnownFileType = sourcecode.swift; path = Gradient.swift; sourceTree = "<group>"; };
		2B16CFD0203CE70E00DFFBEF /* sunrise image.jpeg */ = {isa = PBXFileReference; lastKnownFileType = image.jpeg; path = "sunrise image.jpeg"; sourceTree = "<group>"; };
		2B16CFD2203CE74200DFFBEF /* logo_strava.png */ = {isa = PBXFileReference; lastKnownFileType = image.png; path = logo_strava.png; sourceTree = "<group>"; };
		2B16CFE720477C2400DFFBEF /* CreateProfile.storyboard */ = {isa = PBXFileReference; lastKnownFileType = file.storyboard; path = CreateProfile.storyboard; sourceTree = "<group>"; };
		2B16CFE92048797600DFFBEF /* CreateAccount.storyboard */ = {isa = PBXFileReference; lastKnownFileType = file.storyboard; path = CreateAccount.storyboard; sourceTree = "<group>"; };
		2B16CFEB20487B9C00DFFBEF /* CreateAccountViewController.swift */ = {isa = PBXFileReference; lastKnownFileType = sourcecode.swift; path = CreateAccountViewController.swift; sourceTree = "<group>"; };
		2B6483922037918400092C12 /* CONTRIBUTING.md */ = {isa = PBXFileReference; lastKnownFileType = net.daringfireball.markdown; path = CONTRIBUTING.md; sourceTree = "<group>"; };
		2B6483932037918400092C12 /* ISSUE_TEMPLATE.md */ = {isa = PBXFileReference; lastKnownFileType = net.daringfireball.markdown; path = ISSUE_TEMPLATE.md; sourceTree = "<group>"; };
		2B6483942037918400092C12 /* .gitignore */ = {isa = PBXFileReference; lastKnownFileType = text; path = .gitignore; sourceTree = "<group>"; };
		2B6483952037918400092C12 /* .swift-version */ = {isa = PBXFileReference; lastKnownFileType = text; path = ".swift-version"; sourceTree = "<group>"; };
		2B6483962037918400092C12 /* .swiftlint.yml */ = {isa = PBXFileReference; lastKnownFileType = text; path = .swiftlint.yml; sourceTree = "<group>"; };
		2B6483972037918400092C12 /* .travis.yml */ = {isa = PBXFileReference; lastKnownFileType = text; path = .travis.yml; sourceTree = "<group>"; };
		2B6483992037918400092C12 /* ImportPaths.png */ = {isa = PBXFileReference; lastKnownFileType = image.png; path = ImportPaths.png; sourceTree = "<group>"; };
		2B64839A2037918400092C12 /* OAuthSwift-icon.png */ = {isa = PBXFileReference; lastKnownFileType = image.png; path = "OAuthSwift-icon.png"; sourceTree = "<group>"; };
		2B64839B2037918400092C12 /* Services.png */ = {isa = PBXFileReference; lastKnownFileType = image.png; path = Services.png; sourceTree = "<group>"; };
		2B64839C2037918400092C12 /* TwitterOAuth.png */ = {isa = PBXFileReference; lastKnownFileType = image.png; path = TwitterOAuth.png; sourceTree = "<group>"; };
		2B64839D2037918400092C12 /* TwitterOAuthTokens.png */ = {isa = PBXFileReference; lastKnownFileType = image.png; path = TwitterOAuthTokens.png; sourceTree = "<group>"; };
		2B64839E2037918400092C12 /* URLSchemes.png */ = {isa = PBXFileReference; lastKnownFileType = image.png; path = URLSchemes.png; sourceTree = "<group>"; };
		2B6483A12037918400092C12 /* AppDelegate.swift */ = {isa = PBXFileReference; lastKnownFileType = sourcecode.swift; path = AppDelegate.swift; sourceTree = "<group>"; };
		2B6483A22037918400092C12 /* Constants.swift */ = {isa = PBXFileReference; lastKnownFileType = sourcecode.swift; path = Constants.swift; sourceTree = "<group>"; };
		2B6483A42037918400092C12 /* en */ = {isa = PBXFileReference; lastKnownFileType = text.plist.strings; name = en; path = en.lproj/InfoPlist.strings; sourceTree = "<group>"; };
		2B6483A52037918400092C12 /* FormViewController.swift */ = {isa = PBXFileReference; lastKnownFileType = sourcecode.swift; path = FormViewController.swift; sourceTree = "<group>"; };
		2B6483A62037918400092C12 /* Images.xcassets */ = {isa = PBXFileReference; lastKnownFileType = folder.assetcatalog; path = Images.xcassets; sourceTree = "<group>"; };
		2B6483A72037918400092C12 /* ja */ = {isa = PBXFileReference; lastKnownFileType = text.plist.strings; name = ja; path = ja.lproj/InfoPlist.strings; sourceTree = "<group>"; };
		2B6483A82037918400092C12 /* NavigationController.swift */ = {isa = PBXFileReference; lastKnownFileType = sourcecode.swift; path = NavigationController.swift; sourceTree = "<group>"; };
		2B6483A92037918400092C12 /* Services.plist */ = {isa = PBXFileReference; lastKnownFileType = text.plist.xml; path = Services.plist; sourceTree = "<group>"; };
		2B6483AA2037918400092C12 /* Services.swift */ = {isa = PBXFileReference; lastKnownFileType = sourcecode.swift; path = Services.swift; sourceTree = "<group>"; };
		2B6483AB2037918400092C12 /* Storyboards.swift */ = {isa = PBXFileReference; lastKnownFileType = sourcecode.swift; path = Storyboards.swift; sourceTree = "<group>"; };
		2B6483AC2037918400092C12 /* ViewController.swift */ = {isa = PBXFileReference; lastKnownFileType = sourcecode.swift; path = ViewController.swift; sourceTree = "<group>"; };
		2B6483AD2037918400092C12 /* WebViewController.swift */ = {isa = PBXFileReference; lastKnownFileType = sourcecode.swift; path = WebViewController.swift; sourceTree = "<group>"; };
		2B6483AF2037918400092C12 /* Info.plist */ = {isa = PBXFileReference; lastKnownFileType = text.plist.xml; path = Info.plist; sourceTree = "<group>"; };
		2B6483B02037918400092C12 /* LaunchScreen.storyboard */ = {isa = PBXFileReference; lastKnownFileType = file.storyboard; path = LaunchScreen.storyboard; sourceTree = "<group>"; };
		2B6483B12037918400092C12 /* Main.storyboard */ = {isa = PBXFileReference; lastKnownFileType = file.storyboard; path = Main.storyboard; sourceTree = "<group>"; };
		2B6483B42037918400092C12 /* Base */ = {isa = PBXFileReference; lastKnownFileType = file.storyboard; name = Base; path = Base.lproj/Main.storyboard; sourceTree = "<group>"; };
		2B6483B52037918400092C12 /* Info.plist */ = {isa = PBXFileReference; lastKnownFileType = text.plist.xml; path = Info.plist; sourceTree = "<group>"; };
		2B6483B62037918400092C12 /* LICENSE */ = {isa = PBXFileReference; lastKnownFileType = text; path = LICENSE; sourceTree = "<group>"; };
		2B6483B72037918400092C12 /* OAuthSwift.podspec */ = {isa = PBXFileReference; lastKnownFileType = text; path = OAuthSwift.podspec; sourceTree = "<group>"; };
		2B6483B82037918400092C12 /* OAuthSwift.xcodeproj */ = {isa = PBXFileReference; lastKnownFileType = "wrapper.pb-project"; path = OAuthSwift.xcodeproj; sourceTree = "<group>"; };
		2B6483BB2037918400092C12 /* OAuthSwift.xcworkspace */ = {isa = PBXFileReference; lastKnownFileType = wrapper.workspace; path = OAuthSwift.xcworkspace; sourceTree = "<group>"; };
		2B6483CA2037918400092C12 /* Package.swift */ = {isa = PBXFileReference; lastKnownFileType = sourcecode.swift; path = Package.swift; sourceTree = "<group>"; };
		2B6483CB2037918400092C12 /* Podfile */ = {isa = PBXFileReference; lastKnownFileType = text; path = Podfile; sourceTree = "<group>"; };
		2B6483CC2037918400092C12 /* README.md */ = {isa = PBXFileReference; lastKnownFileType = net.daringfireball.markdown; path = README.md; sourceTree = "<group>"; };
		35D2388A3D0F5484A4ED0ABF /* Pods_RunningMates.framework */ = {isa = PBXFileReference; explicitFileType = wrapper.framework; includeInIndex = 0; path = Pods_RunningMates.framework; sourceTree = BUILT_PRODUCTS_DIR; };
		5C61D7A543F953A4C9C2E807 /* Pods_RunningMates.framework */ = {isa = PBXFileReference; explicitFileType = wrapper.framework; includeInIndex = 0; path = Pods_RunningMates.framework; sourceTree = BUILT_PRODUCTS_DIR; };
		88AE1F6A203E7D0C004A51FE /* LoginStoryboard.storyboard */ = {isa = PBXFileReference; lastKnownFileType = file.storyboard; path = LoginStoryboard.storyboard; sourceTree = "<group>"; };
		88AE1F6C203E7E00004A51FE /* LoginViewController.swift */ = {isa = PBXFileReference; lastKnownFileType = sourcecode.swift; path = LoginViewController.swift; sourceTree = "<group>"; };
		88C0AF9920291C2B0008F5B5 /* Matching.xib */ = {isa = PBXFileReference; lastKnownFileType = file.xib; path = Matching.xib; sourceTree = "<group>"; };
		88C0AFD5202CE3B50008F5B5 /* MatchingViewController.swift */ = {isa = PBXFileReference; lastKnownFileType = sourcecode.swift; path = MatchingViewController.swift; sourceTree = "<group>"; };
		88C0AFD7203247E00008F5B5 /* MatchingView.swift */ = {isa = PBXFileReference; lastKnownFileType = sourcecode.swift; path = MatchingView.swift; sourceTree = "<group>"; };
		B5AB06653744964379D2084B /* Pods-RunningMates.debug.xcconfig */ = {isa = PBXFileReference; includeInIndex = 1; lastKnownFileType = text.xcconfig; name = "Pods-RunningMates.debug.xcconfig"; path = "Pods/Target Support Files/Pods-RunningMates/Pods-RunningMates.debug.xcconfig"; sourceTree = "<group>"; };
		EA91528B6ADD7DB68601D714 /* Pods-RunningMates.release.xcconfig */ = {isa = PBXFileReference; includeInIndex = 1; lastKnownFileType = text.xcconfig; name = "Pods-RunningMates.release.xcconfig"; path = "Pods/Target Support Files/Pods-RunningMates/Pods-RunningMates.release.xcconfig"; sourceTree = "<group>"; };
		F81510B12036245900E9A2C5 /* OAuthSwift.xcodeproj */ = {isa = PBXFileReference; lastKnownFileType = "wrapper.pb-project"; name = OAuthSwift.xcodeproj; path = "../../OAuthSwift-master/OAuthSwift.xcodeproj"; sourceTree = "<group>"; };
		F81510CB203638E400E9A2C5 /* ProfileViewController.swift */ = {isa = PBXFileReference; lastKnownFileType = sourcecode.swift; path = ProfileViewController.swift; sourceTree = "<group>"; };
		F8BEE1EC203B0E2C00274660 /* User.swift */ = {isa = PBXFileReference; fileEncoding = 4; lastKnownFileType = sourcecode.swift; name = User.swift; path = Models/User.swift; sourceTree = "<group>"; };
		FA050D55203761B00025DAEE /* Dashboard.storyboard */ = {isa = PBXFileReference; lastKnownFileType = file.storyboard; path = Dashboard.storyboard; sourceTree = "<group>"; };
		FA076CB920363A5A00FC848D /* FilterStoryboard.storyboard */ = {isa = PBXFileReference; lastKnownFileType = file.storyboard; path = FilterStoryboard.storyboard; sourceTree = "<group>"; };
		FA076CC320363EB200FC848D /* FilterViewController.swift */ = {isa = PBXFileReference; lastKnownFileType = sourcecode.swift; path = FilterViewController.swift; sourceTree = "<group>"; };
		FA5710FF2021208D005792CB /* RunningMates.app */ = {isa = PBXFileReference; explicitFileType = wrapper.application; includeInIndex = 0; path = RunningMates.app; sourceTree = BUILT_PRODUCTS_DIR; };
		FA5711022021208D005792CB /* AppDelegate.swift */ = {isa = PBXFileReference; lastKnownFileType = sourcecode.swift; path = AppDelegate.swift; sourceTree = "<group>"; };
		FA5711042021208D005792CB /* ViewController.swift */ = {isa = PBXFileReference; lastKnownFileType = sourcecode.swift; path = ViewController.swift; sourceTree = "<group>"; };
		FA5711072021208D005792CB /* Base */ = {isa = PBXFileReference; lastKnownFileType = file.storyboard; name = Base; path = Base.lproj/Main.storyboard; sourceTree = "<group>"; };
		FA5711092021208D005792CB /* Assets.xcassets */ = {isa = PBXFileReference; lastKnownFileType = folder.assetcatalog; path = Assets.xcassets; sourceTree = "<group>"; };
		FA57110C2021208E005792CB /* Base */ = {isa = PBXFileReference; lastKnownFileType = file.storyboard; name = Base; path = Base.lproj/LaunchScreen.storyboard; sourceTree = "<group>"; };
		FA57110E2021208E005792CB /* Info.plist */ = {isa = PBXFileReference; lastKnownFileType = text.plist.xml; path = Info.plist; sourceTree = "<group>"; };
		FA5711132021208E005792CB /* RunningMatesTests.xctest */ = {isa = PBXFileReference; explicitFileType = wrapper.cfbundle; includeInIndex = 0; path = RunningMatesTests.xctest; sourceTree = BUILT_PRODUCTS_DIR; };
		FA5711172021208E005792CB /* RunningMatesTests.swift */ = {isa = PBXFileReference; lastKnownFileType = sourcecode.swift; path = RunningMatesTests.swift; sourceTree = "<group>"; };
		FA5711192021208E005792CB /* Info.plist */ = {isa = PBXFileReference; lastKnownFileType = text.plist.xml; path = Info.plist; sourceTree = "<group>"; };
		FAD1AF412042514A00EA78CE /* Settings.storyboard */ = {isa = PBXFileReference; lastKnownFileType = file.storyboard; path = Settings.storyboard; sourceTree = "<group>"; };
		FAD1AF432042539700EA78CE /* SettingsViewController.swift */ = {isa = PBXFileReference; lastKnownFileType = sourcecode.swift; path = SettingsViewController.swift; sourceTree = "<group>"; };
		FAD1AF452043218D00EA78CE /* chat.storyboard */ = {isa = PBXFileReference; lastKnownFileType = file.storyboard; path = chat.storyboard; sourceTree = "<group>"; };
		FAD70D38203A38CE0081C71E /* Matching.storyboard */ = {isa = PBXFileReference; lastKnownFileType = file.storyboard; path = Matching.storyboard; sourceTree = "<group>"; };
/* End PBXFileReference section */

/* Begin PBXFrameworksBuildPhase section */
		FA5710FC2021208D005792CB /* Frameworks */ = {
			isa = PBXFrameworksBuildPhase;
			buildActionMask = 2147483647;
			files = (
				9041768D7C1A5BDF522B31C6 /* Pods_RunningMates.framework in Frameworks */,
				12D6AD2770A3750BB94BEF43 /* Pods_RunningMates.framework in Frameworks */,
			);
			runOnlyForDeploymentPostprocessing = 0;
		};
		FA5711102021208E005792CB /* Frameworks */ = {
			isa = PBXFrameworksBuildPhase;
			buildActionMask = 2147483647;
			files = (
			);
			runOnlyForDeploymentPostprocessing = 0;
		};
/* End PBXFrameworksBuildPhase section */

/* Begin PBXGroup section */
		1177F6F0969072012E085894 /* Pods */ = {
			isa = PBXGroup;
			children = (
				B5AB06653744964379D2084B /* Pods-RunningMates.debug.xcconfig */,
				EA91528B6ADD7DB68601D714 /* Pods-RunningMates.release.xcconfig */,
			);
			name = Pods;
			sourceTree = "<group>";
		};
		2B04C960203B6F45008F7E52 /* Products */ = {
			isa = PBXGroup;
			children = (
				2B04C96A203B6F45008F7E52 /* OAuthSwift.framework */,
				2B04C96C203B6F45008F7E52 /* OAuthSwift.framework */,
				2B04C96E203B6F45008F7E52 /* OAuthSwift.framework */,
				2B04C970203B6F45008F7E52 /* OAuthSwift.framework */,
				2B04C972203B6F45008F7E52 /* OAuthSwiftDemo.app */,
				2B04C974203B6F45008F7E52 /* OAuthSwiftOSXDemo.app */,
				2B04C976203B6F45008F7E52 /* OAuthSwiftTests.xctest */,
			);
			name = Products;
			sourceTree = "<group>";
		};
		2B16CFA2203B7D0700DFFBEF /* Resources */ = {
			isa = PBXGroup;
			children = (
				2B16CFA3203B7D1200DFFBEF /* Images */,
			);
			name = Resources;
			sourceTree = "<group>";
		};
		2B16CFA3203B7D1200DFFBEF /* Images */ = {
			isa = PBXGroup;
			children = (
				2B16CFD2203CE74200DFFBEF /* logo_strava.png */,
				2B16CFD0203CE70E00DFFBEF /* sunrise image.jpeg */,
			);
			path = Images;
			sourceTree = "<group>";
		};
		2B6483902037918400092C12 /* OAuthSwift */ = {
			isa = PBXGroup;
			children = (
				2B6483912037918400092C12 /* .github */,
				2B6483942037918400092C12 /* .gitignore */,
				2B6483952037918400092C12 /* .swift-version */,
				2B6483962037918400092C12 /* .swiftlint.yml */,
				2B6483972037918400092C12 /* .travis.yml */,
				2B6483982037918400092C12 /* Assets */,
				2B64839F2037918400092C12 /* Demo */,
				2B6483B62037918400092C12 /* LICENSE */,
				2B6483B72037918400092C12 /* OAuthSwift.podspec */,
				2B6483B82037918400092C12 /* OAuthSwift.xcodeproj */,
				2B6483BB2037918400092C12 /* OAuthSwift.xcworkspace */,
				2B6483CA2037918400092C12 /* Package.swift */,
				2B6483CB2037918400092C12 /* Podfile */,
				2B6483CC2037918400092C12 /* README.md */,
			);
			path = OAuthSwift;
			sourceTree = "<group>";
		};
		2B6483912037918400092C12 /* .github */ = {
			isa = PBXGroup;
			children = (
				2B6483922037918400092C12 /* CONTRIBUTING.md */,
				2B6483932037918400092C12 /* ISSUE_TEMPLATE.md */,
			);
			path = .github;
			sourceTree = "<group>";
		};
		2B6483982037918400092C12 /* Assets */ = {
			isa = PBXGroup;
			children = (
				2B6483992037918400092C12 /* ImportPaths.png */,
				2B64839A2037918400092C12 /* OAuthSwift-icon.png */,
				2B64839B2037918400092C12 /* Services.png */,
				2B64839C2037918400092C12 /* TwitterOAuth.png */,
				2B64839D2037918400092C12 /* TwitterOAuthTokens.png */,
				2B64839E2037918400092C12 /* URLSchemes.png */,
			);
			path = Assets;
			sourceTree = "<group>";
		};
		2B64839F2037918400092C12 /* Demo */ = {
			isa = PBXGroup;
			children = (
				2B6483A02037918400092C12 /* Common */,
				2B6483AE2037918400092C12 /* iOS */,
				2B6483B22037918400092C12 /* OSX */,
			);
			path = Demo;
			sourceTree = "<group>";
		};
		2B6483A02037918400092C12 /* Common */ = {
			isa = PBXGroup;
			children = (
				2B6483A12037918400092C12 /* AppDelegate.swift */,
				2B6483A22037918400092C12 /* Constants.swift */,
				2B6483A32037918400092C12 /* InfoPlist.strings */,
				2B6483A52037918400092C12 /* FormViewController.swift */,
				2B6483A62037918400092C12 /* Images.xcassets */,
				2B6483A82037918400092C12 /* NavigationController.swift */,
				2B6483A92037918400092C12 /* Services.plist */,
				2B6483AA2037918400092C12 /* Services.swift */,
				2B6483AB2037918400092C12 /* Storyboards.swift */,
				2B6483AC2037918400092C12 /* ViewController.swift */,
				2B6483AD2037918400092C12 /* WebViewController.swift */,
			);
			path = Common;
			sourceTree = "<group>";
		};
		2B6483AE2037918400092C12 /* iOS */ = {
			isa = PBXGroup;
			children = (
				2B6483AF2037918400092C12 /* Info.plist */,
				2B6483B02037918400092C12 /* LaunchScreen.storyboard */,
				2B6483B12037918400092C12 /* Main.storyboard */,
			);
			path = iOS;
			sourceTree = "<group>";
		};
		2B6483B22037918400092C12 /* OSX */ = {
			isa = PBXGroup;
			children = (
				2B6483B32037918400092C12 /* Main.storyboard */,
				2B6483B52037918400092C12 /* Info.plist */,
			);
			path = OSX;
			sourceTree = "<group>";
		};
		C28809185B44C26C9178A174 /* Frameworks */ = {
			isa = PBXGroup;
			children = (
				5C61D7A543F953A4C9C2E807 /* Pods_RunningMates.framework */,
			);
			name = Frameworks;
			sourceTree = "<group>";
		};
		F802D348203A41AB003B9A88 /* Recovered References */ = {
			isa = PBXGroup;
			children = (
				35D2388A3D0F5484A4ED0ABF /* Pods_RunningMates.framework */,
			);
			name = "Recovered References";
			sourceTree = "<group>";
		};
		F81510B22036245900E9A2C5 /* Products */ = {
			isa = PBXGroup;
			children = (
				F81510BC2036245900E9A2C5 /* OAuthSwift.framework */,
				F81510BE2036245900E9A2C5 /* OAuthSwift.framework */,
				F81510C02036245900E9A2C5 /* OAuthSwift.framework */,
				F81510C22036245900E9A2C5 /* OAuthSwift.framework */,
				F81510C42036245900E9A2C5 /* OAuthSwiftDemo.app */,
				F81510C62036245900E9A2C5 /* OAuthSwiftOSXDemo.app */,
				F81510C82036245900E9A2C5 /* OAuthSwiftTests.xctest */,
			);
			name = Products;
			sourceTree = "<group>";
		};
		FA5710F62021208D005792CB = {
			isa = PBXGroup;
			children = (
				F81510B12036245900E9A2C5 /* OAuthSwift.xcodeproj */,
				FA5711012021208D005792CB /* RunningMates */,
				2B16CFA2203B7D0700DFFBEF /* Resources */,
				FA5711002021208D005792CB /* Products */,
				1177F6F0969072012E085894 /* Pods */,
				F802D348203A41AB003B9A88 /* Recovered References */,
				C28809185B44C26C9178A174 /* Frameworks */,
			);
			sourceTree = "<group>";
		};
		FA5711002021208D005792CB /* Products */ = {
			isa = PBXGroup;
			children = (
				FA5710FF2021208D005792CB /* RunningMates.app */,
				FA5711132021208E005792CB /* RunningMatesTests.xctest */,
			);
			name = Products;
			sourceTree = "<group>";
		};
		FA5711012021208D005792CB /* RunningMates */ = {
			isa = PBXGroup;
			children = (
				F8BEE1EC203B0E2C00274660 /* User.swift */,
				2B6483902037918400092C12 /* OAuthSwift */,
				FA5711022021208D005792CB /* AppDelegate.swift */,
				FA5711042021208D005792CB /* ViewController.swift */,
				FA5711062021208D005792CB /* Main.storyboard */,
				2B04C979203B7332008F7E52 /* Gradient.swift */,
				FA050D55203761B00025DAEE /* Dashboard.storyboard */,
				FAD70D38203A38CE0081C71E /* Matching.storyboard */,
				2B16CFEB20487B9C00DFFBEF /* CreateAccountViewController.swift */,
				2B16CFE92048797600DFFBEF /* CreateAccount.storyboard */,
				FAD1AF412042514A00EA78CE /* Settings.storyboard */,
				FAD1AF432042539700EA78CE /* SettingsViewController.swift */,
				FA076CB920363A5A00FC848D /* FilterStoryboard.storyboard */,
				2B16CFE720477C2400DFFBEF /* CreateProfile.storyboard */,
				88AE1F6A203E7D0C004A51FE /* LoginStoryboard.storyboard */,
				88AE1F6C203E7E00004A51FE /* LoginViewController.swift */,
				FA076CC320363EB200FC848D /* FilterViewController.swift */,
				FAD1AF452043218D00EA78CE /* chat.storyboard */,
				88C0AF9920291C2B0008F5B5 /* Matching.xib */,
				FA5711092021208D005792CB /* Assets.xcassets */,
				FA57110B2021208E005792CB /* LaunchScreen.storyboard */,
				FA57110E2021208E005792CB /* Info.plist */,
				88C0AFD5202CE3B50008F5B5 /* MatchingViewController.swift */,
				F81510CB203638E400E9A2C5 /* ProfileViewController.swift */,
				88C0AFD7203247E00008F5B5 /* MatchingView.swift */,
				FA5711162021208E005792CB /* RunningMatesTests */,
			);
			path = RunningMates;
			sourceTree = "<group>";
		};
		FA5711162021208E005792CB /* RunningMatesTests */ = {
			isa = PBXGroup;
			children = (
				FA5711172021208E005792CB /* RunningMatesTests.swift */,
				FA5711192021208E005792CB /* Info.plist */,
			);
			path = RunningMatesTests;
			sourceTree = "<group>";
		};
/* End PBXGroup section */

/* Begin PBXNativeTarget section */
		FA5710FE2021208D005792CB /* RunningMates */ = {
			isa = PBXNativeTarget;
			buildConfigurationList = FA57111C2021208E005792CB /* Build configuration list for PBXNativeTarget "RunningMates" */;
			buildPhases = (
				89D203B37D35380C0EC7F2A6 /* [CP] Check Pods Manifest.lock */,
				FA5710FB2021208D005792CB /* Sources */,
				FA5710FC2021208D005792CB /* Frameworks */,
				FA5710FD2021208D005792CB /* Resources */,
				8D4825657C51963817761B40 /* [CP] Embed Pods Frameworks */,
				3F377C6ECE63EA79F3DB9112 /* [CP] Copy Pods Resources */,
			);
			buildRules = (
			);
			dependencies = (
				F81510CA203634EA00E9A2C5 /* PBXTargetDependency */,
			);
			name = RunningMates;
			productName = RunningMates;
			productReference = FA5710FF2021208D005792CB /* RunningMates.app */;
			productType = "com.apple.product-type.application";
		};
		FA5711122021208E005792CB /* RunningMatesTests */ = {
			isa = PBXNativeTarget;
			buildConfigurationList = FA57111F2021208E005792CB /* Build configuration list for PBXNativeTarget "RunningMatesTests" */;
			buildPhases = (
				FA57110F2021208E005792CB /* Sources */,
				FA5711102021208E005792CB /* Frameworks */,
				FA5711112021208E005792CB /* Resources */,
			);
			buildRules = (
			);
			dependencies = (
				FA5711152021208E005792CB /* PBXTargetDependency */,
			);
			name = RunningMatesTests;
			productName = RunningMatesTests;
			productReference = FA5711132021208E005792CB /* RunningMatesTests.xctest */;
			productType = "com.apple.product-type.bundle.unit-test";
		};
/* End PBXNativeTarget section */

/* Begin PBXProject section */
		FA5710F72021208D005792CB /* Project object */ = {
			isa = PBXProject;
			attributes = {
				LastSwiftUpdateCheck = 0920;
				LastUpgradeCheck = 0920;
				ORGANIZATIONNAME = "Apple Inc.";
				TargetAttributes = {
					FA5710FE2021208D005792CB = {
						CreatedOnToolsVersion = 9.2;
						ProvisioningStyle = Automatic;
					};
					FA5711122021208E005792CB = {
						CreatedOnToolsVersion = 9.2;
						ProvisioningStyle = Automatic;
						TestTargetID = FA5710FE2021208D005792CB;
					};
				};
			};
			buildConfigurationList = FA5710FA2021208D005792CB /* Build configuration list for PBXProject "RunningMates" */;
			compatibilityVersion = "Xcode 8.0";
			developmentRegion = en;
			hasScannedForEncodings = 0;
			knownRegions = (
				en,
				Base,
				ja,
			);
			mainGroup = FA5710F62021208D005792CB;
			productRefGroup = FA5711002021208D005792CB /* Products */;
			projectDirPath = "";
			projectReferences = (
				{
					ProductGroup = F81510B22036245900E9A2C5 /* Products */;
					ProjectRef = F81510B12036245900E9A2C5 /* OAuthSwift.xcodeproj */;
				},
				{
					ProductGroup = 2B04C960203B6F45008F7E52 /* Products */;
					ProjectRef = 2B6483B82037918400092C12 /* OAuthSwift.xcodeproj */;
				},
			);
			projectRoot = "";
			targets = (
				FA5710FE2021208D005792CB /* RunningMates */,
				FA5711122021208E005792CB /* RunningMatesTests */,
			);
		};
/* End PBXProject section */

/* Begin PBXReferenceProxy section */
		2B04C96A203B6F45008F7E52 /* OAuthSwift.framework */ = {
			isa = PBXReferenceProxy;
			fileType = wrapper.framework;
			path = OAuthSwift.framework;
			remoteRef = 2B04C969203B6F45008F7E52 /* PBXContainerItemProxy */;
			sourceTree = BUILT_PRODUCTS_DIR;
		};
		2B04C96C203B6F45008F7E52 /* OAuthSwift.framework */ = {
			isa = PBXReferenceProxy;
			fileType = wrapper.framework;
			path = OAuthSwift.framework;
			remoteRef = 2B04C96B203B6F45008F7E52 /* PBXContainerItemProxy */;
			sourceTree = BUILT_PRODUCTS_DIR;
		};
		2B04C96E203B6F45008F7E52 /* OAuthSwift.framework */ = {
			isa = PBXReferenceProxy;
			fileType = wrapper.framework;
			path = OAuthSwift.framework;
			remoteRef = 2B04C96D203B6F45008F7E52 /* PBXContainerItemProxy */;
			sourceTree = BUILT_PRODUCTS_DIR;
		};
		2B04C970203B6F45008F7E52 /* OAuthSwift.framework */ = {
			isa = PBXReferenceProxy;
			fileType = wrapper.framework;
			path = OAuthSwift.framework;
			remoteRef = 2B04C96F203B6F45008F7E52 /* PBXContainerItemProxy */;
			sourceTree = BUILT_PRODUCTS_DIR;
		};
		2B04C972203B6F45008F7E52 /* OAuthSwiftDemo.app */ = {
			isa = PBXReferenceProxy;
			fileType = wrapper.application;
			path = OAuthSwiftDemo.app;
			remoteRef = 2B04C971203B6F45008F7E52 /* PBXContainerItemProxy */;
			sourceTree = BUILT_PRODUCTS_DIR;
		};
		2B04C974203B6F45008F7E52 /* OAuthSwiftOSXDemo.app */ = {
			isa = PBXReferenceProxy;
			fileType = wrapper.application;
			path = OAuthSwiftOSXDemo.app;
			remoteRef = 2B04C973203B6F45008F7E52 /* PBXContainerItemProxy */;
			sourceTree = BUILT_PRODUCTS_DIR;
		};
		2B04C976203B6F45008F7E52 /* OAuthSwiftTests.xctest */ = {
			isa = PBXReferenceProxy;
			fileType = wrapper.cfbundle;
			path = OAuthSwiftTests.xctest;
			remoteRef = 2B04C975203B6F45008F7E52 /* PBXContainerItemProxy */;
			sourceTree = BUILT_PRODUCTS_DIR;
		};
		F81510BC2036245900E9A2C5 /* OAuthSwift.framework */ = {
			isa = PBXReferenceProxy;
			fileType = wrapper.framework;
			path = OAuthSwift.framework;
			remoteRef = F81510BB2036245900E9A2C5 /* PBXContainerItemProxy */;
			sourceTree = BUILT_PRODUCTS_DIR;
		};
		F81510BE2036245900E9A2C5 /* OAuthSwift.framework */ = {
			isa = PBXReferenceProxy;
			fileType = wrapper.framework;
			path = OAuthSwift.framework;
			remoteRef = F81510BD2036245900E9A2C5 /* PBXContainerItemProxy */;
			sourceTree = BUILT_PRODUCTS_DIR;
		};
		F81510C02036245900E9A2C5 /* OAuthSwift.framework */ = {
			isa = PBXReferenceProxy;
			fileType = wrapper.framework;
			path = OAuthSwift.framework;
			remoteRef = F81510BF2036245900E9A2C5 /* PBXContainerItemProxy */;
			sourceTree = BUILT_PRODUCTS_DIR;
		};
		F81510C22036245900E9A2C5 /* OAuthSwift.framework */ = {
			isa = PBXReferenceProxy;
			fileType = wrapper.framework;
			path = OAuthSwift.framework;
			remoteRef = F81510C12036245900E9A2C5 /* PBXContainerItemProxy */;
			sourceTree = BUILT_PRODUCTS_DIR;
		};
		F81510C42036245900E9A2C5 /* OAuthSwiftDemo.app */ = {
			isa = PBXReferenceProxy;
			fileType = wrapper.application;
			path = OAuthSwiftDemo.app;
			remoteRef = F81510C32036245900E9A2C5 /* PBXContainerItemProxy */;
			sourceTree = BUILT_PRODUCTS_DIR;
		};
		F81510C62036245900E9A2C5 /* OAuthSwiftOSXDemo.app */ = {
			isa = PBXReferenceProxy;
			fileType = wrapper.application;
			path = OAuthSwiftOSXDemo.app;
			remoteRef = F81510C52036245900E9A2C5 /* PBXContainerItemProxy */;
			sourceTree = BUILT_PRODUCTS_DIR;
		};
		F81510C82036245900E9A2C5 /* OAuthSwiftTests.xctest */ = {
			isa = PBXReferenceProxy;
			fileType = wrapper.cfbundle;
			path = OAuthSwiftTests.xctest;
			remoteRef = F81510C72036245900E9A2C5 /* PBXContainerItemProxy */;
			sourceTree = BUILT_PRODUCTS_DIR;
		};
/* End PBXReferenceProxy section */

/* Begin PBXResourcesBuildPhase section */
		FA5710FD2021208D005792CB /* Resources */ = {
			isa = PBXResourcesBuildPhase;
			buildActionMask = 2147483647;
			files = (
				F8109CFD203D0C57009F5F49 /* sunrise image.jpeg in Resources */,
				2B16CFE820477C2400DFFBEF /* CreateProfile.storyboard in Resources */,
				F8109CF6203D0C49009F5F49 /* logo_strava.png in Resources */,
				88C0AF9A20291C2B0008F5B5 /* Matching.xib in Resources */,
				FA050D56203761B00025DAEE /* Dashboard.storyboard in Resources */,
				FA57110D2021208E005792CB /* LaunchScreen.storyboard in Resources */,
				FA57110A2021208D005792CB /* Assets.xcassets in Resources */,
				FAD70D39203A38CE0081C71E /* Matching.storyboard in Resources */,
				FA076CBA20363A5A00FC848D /* FilterStoryboard.storyboard in Resources */,
				FA5711082021208D005792CB /* Main.storyboard in Resources */,
				FAD1AF462043218D00EA78CE /* chat.storyboard in Resources */,
				2B16CFEA2048797600DFFBEF /* CreateAccount.storyboard in Resources */,
				FAD1AF422042514A00EA78CE /* Settings.storyboard in Resources */,
			);
			runOnlyForDeploymentPostprocessing = 0;
		};
		FA5711112021208E005792CB /* Resources */ = {
			isa = PBXResourcesBuildPhase;
			buildActionMask = 2147483647;
			files = (
			);
			runOnlyForDeploymentPostprocessing = 0;
		};
/* End PBXResourcesBuildPhase section */

/* Begin PBXShellScriptBuildPhase section */
		3F377C6ECE63EA79F3DB9112 /* [CP] Copy Pods Resources */ = {
			isa = PBXShellScriptBuildPhase;
			buildActionMask = 2147483647;
			files = (
			);
			inputPaths = (
			);
			name = "[CP] Copy Pods Resources";
			outputPaths = (
			);
			runOnlyForDeploymentPostprocessing = 0;
			shellPath = /bin/sh;
			shellScript = "\"${SRCROOT}/Pods/Target Support Files/Pods-RunningMates/Pods-RunningMates-resources.sh\"\n";
			showEnvVarsInLog = 0;
		};
		89D203B37D35380C0EC7F2A6 /* [CP] Check Pods Manifest.lock */ = {
			isa = PBXShellScriptBuildPhase;
			buildActionMask = 2147483647;
			files = (
			);
			inputPaths = (
				"${PODS_PODFILE_DIR_PATH}/Podfile.lock",
				"${PODS_ROOT}/Manifest.lock",
			);
			name = "[CP] Check Pods Manifest.lock";
			outputPaths = (
				"$(DERIVED_FILE_DIR)/Pods-RunningMates-checkManifestLockResult.txt",
			);
			runOnlyForDeploymentPostprocessing = 0;
			shellPath = /bin/sh;
			shellScript = "diff \"${PODS_PODFILE_DIR_PATH}/Podfile.lock\" \"${PODS_ROOT}/Manifest.lock\" > /dev/null\nif [ $? != 0 ] ; then\n    # print error to STDERR\n    echo \"error: The sandbox is not in sync with the Podfile.lock. Run 'pod install' or update your CocoaPods installation.\" >&2\n    exit 1\nfi\n# This output is used by Xcode 'outputs' to avoid re-running this script phase.\necho \"SUCCESS\" > \"${SCRIPT_OUTPUT_FILE_0}\"\n";
			showEnvVarsInLog = 0;
		};
		8D4825657C51963817761B40 /* [CP] Embed Pods Frameworks */ = {
			isa = PBXShellScriptBuildPhase;
			buildActionMask = 2147483647;
			files = (
			);
			inputPaths = (
				"${SRCROOT}/Pods/Target Support Files/Pods-RunningMates/Pods-RunningMates-frameworks.sh",
				"${BUILT_PRODUCTS_DIR}/Alamofire/Alamofire.framework",
			);
			name = "[CP] Embed Pods Frameworks";
			outputPaths = (
				"${TARGET_BUILD_DIR}/${FRAMEWORKS_FOLDER_PATH}/Alamofire.framework",
			);
			runOnlyForDeploymentPostprocessing = 0;
			shellPath = /bin/sh;
			shellScript = "\"${SRCROOT}/Pods/Target Support Files/Pods-RunningMates/Pods-RunningMates-frameworks.sh\"\n";
			showEnvVarsInLog = 0;
		};
/* End PBXShellScriptBuildPhase section */

/* Begin PBXSourcesBuildPhase section */
		FA5710FB2021208D005792CB /* Sources */ = {
			isa = PBXSourcesBuildPhase;
			buildActionMask = 2147483647;
			files = (
				2B16CFEC20487B9C00DFFBEF /* CreateAccountViewController.swift in Sources */,
				FA5711052021208D005792CB /* ViewController.swift in Sources */,
				88C0AFD6202CE3B50008F5B5 /* MatchingViewController.swift in Sources */,
				F81510CC203638E400E9A2C5 /* ProfileViewController.swift in Sources */,
				FA5711032021208D005792CB /* AppDelegate.swift in Sources */,
				88C0AFD8203247E00008F5B5 /* MatchingView.swift in Sources */,
				FA076CC420363EB200FC848D /* FilterViewController.swift in Sources */,
				F8BEE1F3203B0E2C00274660 /* User.swift in Sources */,
				2B04C97A203B7332008F7E52 /* Gradient.swift in Sources */,
				FAD1AF442042539700EA78CE /* SettingsViewController.swift in Sources */,
			);
			runOnlyForDeploymentPostprocessing = 0;
		};
		FA57110F2021208E005792CB /* Sources */ = {
			isa = PBXSourcesBuildPhase;
			buildActionMask = 2147483647;
			files = (
				FA5711182021208E005792CB /* RunningMatesTests.swift in Sources */,
			);
			runOnlyForDeploymentPostprocessing = 0;
		};
/* End PBXSourcesBuildPhase section */

/* Begin PBXTargetDependency section */
		F81510CA203634EA00E9A2C5 /* PBXTargetDependency */ = {
			isa = PBXTargetDependency;
			name = OAuthSwift;
			targetProxy = F81510C9203634EA00E9A2C5 /* PBXContainerItemProxy */;
		};
		FA5711152021208E005792CB /* PBXTargetDependency */ = {
			isa = PBXTargetDependency;
			target = FA5710FE2021208D005792CB /* RunningMates */;
			targetProxy = FA5711142021208E005792CB /* PBXContainerItemProxy */;
		};
/* End PBXTargetDependency section */

/* Begin PBXVariantGroup section */
		2B6483A32037918400092C12 /* InfoPlist.strings */ = {
			isa = PBXVariantGroup;
			children = (
				2B6483A42037918400092C12 /* en */,
				2B6483A72037918400092C12 /* ja */,
			);
			name = InfoPlist.strings;
			sourceTree = "<group>";
		};
		2B6483B32037918400092C12 /* Main.storyboard */ = {
			isa = PBXVariantGroup;
			children = (
				2B6483B42037918400092C12 /* Base */,
			);
			name = Main.storyboard;
			sourceTree = "<group>";
		};
		FA5711062021208D005792CB /* Main.storyboard */ = {
			isa = PBXVariantGroup;
			children = (
				FA5711072021208D005792CB /* Base */,
			);
			name = Main.storyboard;
			sourceTree = "<group>";
		};
		FA57110B2021208E005792CB /* LaunchScreen.storyboard */ = {
			isa = PBXVariantGroup;
			children = (
				FA57110C2021208E005792CB /* Base */,
			);
			name = LaunchScreen.storyboard;
			sourceTree = "<group>";
		};
/* End PBXVariantGroup section */

/* Begin XCBuildConfiguration section */
		FA57111A2021208E005792CB /* Debug */ = {
			isa = XCBuildConfiguration;
			buildSettings = {
				ALWAYS_SEARCH_USER_PATHS = NO;
				CLANG_ANALYZER_NONNULL = YES;
				CLANG_ANALYZER_NUMBER_OBJECT_CONVERSION = YES_AGGRESSIVE;
				CLANG_CXX_LANGUAGE_STANDARD = "gnu++14";
				CLANG_CXX_LIBRARY = "libc++";
				CLANG_ENABLE_MODULES = YES;
				CLANG_ENABLE_OBJC_ARC = YES;
				CLANG_WARN_BLOCK_CAPTURE_AUTORELEASING = YES;
				CLANG_WARN_BOOL_CONVERSION = YES;
				CLANG_WARN_COMMA = YES;
				CLANG_WARN_CONSTANT_CONVERSION = YES;
				CLANG_WARN_DIRECT_OBJC_ISA_USAGE = YES_ERROR;
				CLANG_WARN_DOCUMENTATION_COMMENTS = YES;
				CLANG_WARN_EMPTY_BODY = YES;
				CLANG_WARN_ENUM_CONVERSION = YES;
				CLANG_WARN_INFINITE_RECURSION = YES;
				CLANG_WARN_INT_CONVERSION = YES;
				CLANG_WARN_NON_LITERAL_NULL_CONVERSION = YES;
				CLANG_WARN_OBJC_LITERAL_CONVERSION = YES;
				CLANG_WARN_OBJC_ROOT_CLASS = YES_ERROR;
				CLANG_WARN_RANGE_LOOP_ANALYSIS = YES;
				CLANG_WARN_STRICT_PROTOTYPES = YES;
				CLANG_WARN_SUSPICIOUS_MOVE = YES;
				CLANG_WARN_UNGUARDED_AVAILABILITY = YES_AGGRESSIVE;
				CLANG_WARN_UNREACHABLE_CODE = YES;
				CLANG_WARN__DUPLICATE_METHOD_MATCH = YES;
				CODE_SIGN_IDENTITY = "iPhone Developer";
				COPY_PHASE_STRIP = NO;
				DEBUG_INFORMATION_FORMAT = dwarf;
				ENABLE_STRICT_OBJC_MSGSEND = YES;
				ENABLE_TESTABILITY = YES;
				GCC_C_LANGUAGE_STANDARD = gnu11;
				GCC_DYNAMIC_NO_PIC = NO;
				GCC_NO_COMMON_BLOCKS = YES;
				GCC_OPTIMIZATION_LEVEL = 0;
				GCC_PREPROCESSOR_DEFINITIONS = (
					"DEBUG=1",
					"$(inherited)",
				);
				GCC_WARN_64_TO_32_BIT_CONVERSION = YES;
				GCC_WARN_ABOUT_RETURN_TYPE = YES_ERROR;
				GCC_WARN_UNDECLARED_SELECTOR = YES;
				GCC_WARN_UNINITIALIZED_AUTOS = YES_AGGRESSIVE;
				GCC_WARN_UNUSED_FUNCTION = YES;
				GCC_WARN_UNUSED_VARIABLE = YES;
				IPHONEOS_DEPLOYMENT_TARGET = 11.2;
				MTL_ENABLE_DEBUG_INFO = YES;
				ONLY_ACTIVE_ARCH = YES;
				SDKROOT = iphoneos;
				SWIFT_ACTIVE_COMPILATION_CONDITIONS = DEBUG;
				SWIFT_OPTIMIZATION_LEVEL = "-Onone";
			};
			name = Debug;
		};
		FA57111B2021208E005792CB /* Release */ = {
			isa = XCBuildConfiguration;
			buildSettings = {
				ALWAYS_SEARCH_USER_PATHS = NO;
				CLANG_ANALYZER_NONNULL = YES;
				CLANG_ANALYZER_NUMBER_OBJECT_CONVERSION = YES_AGGRESSIVE;
				CLANG_CXX_LANGUAGE_STANDARD = "gnu++14";
				CLANG_CXX_LIBRARY = "libc++";
				CLANG_ENABLE_MODULES = YES;
				CLANG_ENABLE_OBJC_ARC = YES;
				CLANG_WARN_BLOCK_CAPTURE_AUTORELEASING = YES;
				CLANG_WARN_BOOL_CONVERSION = YES;
				CLANG_WARN_COMMA = YES;
				CLANG_WARN_CONSTANT_CONVERSION = YES;
				CLANG_WARN_DIRECT_OBJC_ISA_USAGE = YES_ERROR;
				CLANG_WARN_DOCUMENTATION_COMMENTS = YES;
				CLANG_WARN_EMPTY_BODY = YES;
				CLANG_WARN_ENUM_CONVERSION = YES;
				CLANG_WARN_INFINITE_RECURSION = YES;
				CLANG_WARN_INT_CONVERSION = YES;
				CLANG_WARN_NON_LITERAL_NULL_CONVERSION = YES;
				CLANG_WARN_OBJC_LITERAL_CONVERSION = YES;
				CLANG_WARN_OBJC_ROOT_CLASS = YES_ERROR;
				CLANG_WARN_RANGE_LOOP_ANALYSIS = YES;
				CLANG_WARN_STRICT_PROTOTYPES = YES;
				CLANG_WARN_SUSPICIOUS_MOVE = YES;
				CLANG_WARN_UNGUARDED_AVAILABILITY = YES_AGGRESSIVE;
				CLANG_WARN_UNREACHABLE_CODE = YES;
				CLANG_WARN__DUPLICATE_METHOD_MATCH = YES;
				CODE_SIGN_IDENTITY = "iPhone Developer";
				COPY_PHASE_STRIP = NO;
				DEBUG_INFORMATION_FORMAT = "dwarf-with-dsym";
				ENABLE_NS_ASSERTIONS = NO;
				ENABLE_STRICT_OBJC_MSGSEND = YES;
				GCC_C_LANGUAGE_STANDARD = gnu11;
				GCC_NO_COMMON_BLOCKS = YES;
				GCC_WARN_64_TO_32_BIT_CONVERSION = YES;
				GCC_WARN_ABOUT_RETURN_TYPE = YES_ERROR;
				GCC_WARN_UNDECLARED_SELECTOR = YES;
				GCC_WARN_UNINITIALIZED_AUTOS = YES_AGGRESSIVE;
				GCC_WARN_UNUSED_FUNCTION = YES;
				GCC_WARN_UNUSED_VARIABLE = YES;
				IPHONEOS_DEPLOYMENT_TARGET = 11.2;
				MTL_ENABLE_DEBUG_INFO = NO;
				SDKROOT = iphoneos;
				SWIFT_OPTIMIZATION_LEVEL = "-Owholemodule";
				VALIDATE_PRODUCT = YES;
			};
			name = Release;
		};
		FA57111D2021208E005792CB /* Debug */ = {
			isa = XCBuildConfiguration;
			baseConfigurationReference = B5AB06653744964379D2084B /* Pods-RunningMates.debug.xcconfig */;
			buildSettings = {
				ASSETCATALOG_COMPILER_APPICON_NAME = AppIcon;
				CODE_SIGN_STYLE = Automatic;
				INFOPLIST_FILE = RunningMates/Info.plist;
				IPHONEOS_DEPLOYMENT_TARGET = 10.0;
				LD_RUNPATH_SEARCH_PATHS = "$(inherited) @executable_path/Frameworks";
				PRODUCT_BUNDLE_IDENTIFIER = com.example.RunningMates;
				PRODUCT_NAME = "$(TARGET_NAME)";
				SWIFT_VERSION = 4.0;
				TARGETED_DEVICE_FAMILY = "1,2";
			};
			name = Debug;
		};
		FA57111E2021208E005792CB /* Release */ = {
			isa = XCBuildConfiguration;
			baseConfigurationReference = EA91528B6ADD7DB68601D714 /* Pods-RunningMates.release.xcconfig */;
			buildSettings = {
				ASSETCATALOG_COMPILER_APPICON_NAME = AppIcon;
				CODE_SIGN_STYLE = Automatic;
				INFOPLIST_FILE = RunningMates/Info.plist;
				IPHONEOS_DEPLOYMENT_TARGET = 10.0;
				LD_RUNPATH_SEARCH_PATHS = "$(inherited) @executable_path/Frameworks";
				PRODUCT_BUNDLE_IDENTIFIER = com.example.RunningMates;
				PRODUCT_NAME = "$(TARGET_NAME)";
				SWIFT_VERSION = 4.0;
				TARGETED_DEVICE_FAMILY = "1,2";
			};
			name = Release;
		};
		FA5711202021208E005792CB /* Debug */ = {
			isa = XCBuildConfiguration;
			buildSettings = {
				ALWAYS_EMBED_SWIFT_STANDARD_LIBRARIES = YES;
				BUNDLE_LOADER = "$(TEST_HOST)";
				CODE_SIGN_STYLE = Automatic;
				INFOPLIST_FILE = RunningMatesTests/Info.plist;
				LD_RUNPATH_SEARCH_PATHS = "$(inherited) @executable_path/Frameworks @loader_path/Frameworks";
				PRODUCT_BUNDLE_IDENTIFIER = com.example.RunningMatesTests;
				PRODUCT_NAME = "$(TARGET_NAME)";
				SWIFT_VERSION = 4.0;
				TARGETED_DEVICE_FAMILY = "1,2";
				TEST_HOST = "$(BUILT_PRODUCTS_DIR)/RunningMates.app/RunningMates";
			};
			name = Debug;
		};
		FA5711212021208E005792CB /* Release */ = {
			isa = XCBuildConfiguration;
			buildSettings = {
				ALWAYS_EMBED_SWIFT_STANDARD_LIBRARIES = YES;
				BUNDLE_LOADER = "$(TEST_HOST)";
				CODE_SIGN_STYLE = Automatic;
				INFOPLIST_FILE = RunningMatesTests/Info.plist;
				LD_RUNPATH_SEARCH_PATHS = "$(inherited) @executable_path/Frameworks @loader_path/Frameworks";
				PRODUCT_BUNDLE_IDENTIFIER = com.example.RunningMatesTests;
				PRODUCT_NAME = "$(TARGET_NAME)";
				SWIFT_VERSION = 4.0;
				TARGETED_DEVICE_FAMILY = "1,2";
				TEST_HOST = "$(BUILT_PRODUCTS_DIR)/RunningMates.app/RunningMates";
			};
			name = Release;
		};
/* End XCBuildConfiguration section */

/* Begin XCConfigurationList section */
		FA5710FA2021208D005792CB /* Build configuration list for PBXProject "RunningMates" */ = {
			isa = XCConfigurationList;
			buildConfigurations = (
				FA57111A2021208E005792CB /* Debug */,
				FA57111B2021208E005792CB /* Release */,
			);
			defaultConfigurationIsVisible = 0;
			defaultConfigurationName = Release;
		};
		FA57111C2021208E005792CB /* Build configuration list for PBXNativeTarget "RunningMates" */ = {
			isa = XCConfigurationList;
			buildConfigurations = (
				FA57111D2021208E005792CB /* Debug */,
				FA57111E2021208E005792CB /* Release */,
			);
			defaultConfigurationIsVisible = 0;
			defaultConfigurationName = Release;
		};
		FA57111F2021208E005792CB /* Build configuration list for PBXNativeTarget "RunningMatesTests" */ = {
			isa = XCConfigurationList;
			buildConfigurations = (
				FA5711202021208E005792CB /* Debug */,
				FA5711212021208E005792CB /* Release */,
			);
			defaultConfigurationIsVisible = 0;
			defaultConfigurationName = Release;
		};
/* End XCConfigurationList section */
	};
	rootObject = FA5710F72021208D005792CB /* Project object */;
}
